// !$*UTF8*$!
{
	archiveVersion = 1;
	classes = {
	};
	objectVersion = 48;
	objects = {

/* Begin PBXBuildFile section */
		C7B946A2204857A100AE7E7D /* AppDelegate.swift in Sources */ = {isa = PBXBuildFile; fileRef = C7B946A1204857A100AE7E7D /* AppDelegate.swift */; };
		C7B946A7204857A100AE7E7D /* Main.storyboard in Resources */ = {isa = PBXBuildFile; fileRef = C7B946A5204857A100AE7E7D /* Main.storyboard */; };
		C7B946A9204857A100AE7E7D /* Assets.xcassets in Resources */ = {isa = PBXBuildFile; fileRef = C7B946A8204857A100AE7E7D /* Assets.xcassets */; };
		C7B946AC204857A100AE7E7D /* LaunchScreen.storyboard in Resources */ = {isa = PBXBuildFile; fileRef = C7B946AA204857A100AE7E7D /* LaunchScreen.storyboard */; };
		C7B946C2204857A200AE7E7D /* SDUInfoUITests.swift in Sources */ = {isa = PBXBuildFile; fileRef = C7B946C1204857A200AE7E7D /* SDUInfoUITests.swift */; };
		C7B946D0204869B200AE7E7D /* ViewController.swift in Sources */ = {isa = PBXBuildFile; fileRef = C7B946CF204869B200AE7E7D /* ViewController.swift */; };
		C7B946D5204905F300AE7E7D /* Faculty.swift in Sources */ = {isa = PBXBuildFile; fileRef = C7B946D4204905F300AE7E7D /* Faculty.swift */; };
		C7B946D7204907F300AE7E7D /* FacultyViewController.swift in Sources */ = {isa = PBXBuildFile; fileRef = C7B946D6204907F300AE7E7D /* FacultyViewController.swift */; };
		C7B946DB2049480F00AE7E7D /* ClubsViewController.swift in Sources */ = {isa = PBXBuildFile; fileRef = C7B946DA2049480F00AE7E7D /* ClubsViewController.swift */; };
		C7B946DF20494F3900AE7E7D /* ClubCollectionViewCell.swift in Sources */ = {isa = PBXBuildFile; fileRef = C7B946DE20494F3900AE7E7D /* ClubCollectionViewCell.swift */; };
		C7B946E12049516800AE7E7D /* Club.swift in Sources */ = {isa = PBXBuildFile; fileRef = C7B946E02049516800AE7E7D /* Club.swift */; };
		C7B946E32049A0A500AE7E7D /* DetailClubViewController.swift in Sources */ = {isa = PBXBuildFile; fileRef = C7B946E22049A0A500AE7E7D /* DetailClubViewController.swift */; };
		C7B946E72049BB9000AE7E7D /* GradientImageView.swift in Sources */ = {isa = PBXBuildFile; fileRef = C7B946E62049BB9000AE7E7D /* GradientImageView.swift */; };
		C7B946EE2049BDE400AE7E7D /* NewsTableViewController.swift in Sources */ = {isa = PBXBuildFile; fileRef = C7B946ED2049BDE400AE7E7D /* NewsTableViewController.swift */; };
		C7B946F02049BDFA00AE7E7D /* NewsTableTableViewCell.swift in Sources */ = {isa = PBXBuildFile; fileRef = C7B946EF2049BDFA00AE7E7D /* NewsTableTableViewCell.swift */; };
		C7B946F22049BE2900AE7E7D /* News.swift in Sources */ = {isa = PBXBuildFile; fileRef = C7B946F12049BE2900AE7E7D /* News.swift */; };
		C7B946F42049CBA000AE7E7D /* NewsDetailViewController.swift in Sources */ = {isa = PBXBuildFile; fileRef = C7B946F32049CBA000AE7E7D /* NewsDetailViewController.swift */; };
		C7E3F61A204AFA730089ADEA /* ContactsViewController.swift in Sources */ = {isa = PBXBuildFile; fileRef = C7E3F619204AFA730089ADEA /* ContactsViewController.swift */; };
		C7E3F61C204C4E390089ADEA /* ItemGalleryViewController.swift in Sources */ = {isa = PBXBuildFile; fileRef = C7E3F61B204C4E390089ADEA /* ItemGalleryViewController.swift */; };
		C7E3F61E204C50250089ADEA /* PageViewController.swift in Sources */ = {isa = PBXBuildFile; fileRef = C7E3F61D204C50250089ADEA /* PageViewController.swift */; };
/* End PBXBuildFile section */

/* Begin PBXContainerItemProxy section */
		C7B946B3204857A100AE7E7D /* PBXContainerItemProxy */ = {
			isa = PBXContainerItemProxy;
			containerPortal = C7B94696204857A100AE7E7D /* Project object */;
			proxyType = 1;
			remoteGlobalIDString = C7B9469D204857A100AE7E7D;
			remoteInfo = SDUInfo;
		};
		C7B946BE204857A200AE7E7D /* PBXContainerItemProxy */ = {
			isa = PBXContainerItemProxy;
			containerPortal = C7B94696204857A100AE7E7D /* Project object */;
			proxyType = 1;
			remoteGlobalIDString = C7B9469D204857A100AE7E7D;
			remoteInfo = SDUInfo;
		};
/* End PBXContainerItemProxy section */

/* Begin PBXFileReference section */
		C7B9469E204857A100AE7E7D /* SDUInfo.app */ = {isa = PBXFileReference; explicitFileType = wrapper.application; includeInIndex = 0; path = SDUInfo.app; sourceTree = BUILT_PRODUCTS_DIR; };
		C7B946A1204857A100AE7E7D /* AppDelegate.swift */ = {isa = PBXFileReference; lastKnownFileType = sourcecode.swift; path = AppDelegate.swift; sourceTree = "<group>"; };
		C7B946A6204857A100AE7E7D /* Base */ = {isa = PBXFileReference; lastKnownFileType = file.storyboard; name = Base; path = Base.lproj/Main.storyboard; sourceTree = "<group>"; };
		C7B946A8204857A100AE7E7D /* Assets.xcassets */ = {isa = PBXFileReference; lastKnownFileType = folder.assetcatalog; path = Assets.xcassets; sourceTree = "<group>"; };
		C7B946AB204857A100AE7E7D /* Base */ = {isa = PBXFileReference; lastKnownFileType = file.storyboard; name = Base; path = Base.lproj/LaunchScreen.storyboard; sourceTree = "<group>"; };
		C7B946AD204857A100AE7E7D /* Info.plist */ = {isa = PBXFileReference; lastKnownFileType = text.plist.xml; path = Info.plist; sourceTree = "<group>"; };
		C7B946B2204857A100AE7E7D /* SDUInfoTests.xctest */ = {isa = PBXFileReference; explicitFileType = wrapper.cfbundle; includeInIndex = 0; path = SDUInfoTests.xctest; sourceTree = BUILT_PRODUCTS_DIR; };
		C7B946BD204857A200AE7E7D /* SDUInfoUITests.xctest */ = {isa = PBXFileReference; explicitFileType = wrapper.cfbundle; includeInIndex = 0; path = SDUInfoUITests.xctest; sourceTree = BUILT_PRODUCTS_DIR; };
		C7B946C1204857A200AE7E7D /* SDUInfoUITests.swift */ = {isa = PBXFileReference; lastKnownFileType = sourcecode.swift; path = SDUInfoUITests.swift; sourceTree = "<group>"; };
		C7B946C3204857A200AE7E7D /* Info.plist */ = {isa = PBXFileReference; lastKnownFileType = text.plist.xml; path = Info.plist; sourceTree = "<group>"; };
		C7B946CF204869B200AE7E7D /* ViewController.swift */ = {isa = PBXFileReference; lastKnownFileType = sourcecode.swift; path = ViewController.swift; sourceTree = "<group>"; };
		C7B946D4204905F300AE7E7D /* Faculty.swift */ = {isa = PBXFileReference; lastKnownFileType = sourcecode.swift; path = Faculty.swift; sourceTree = "<group>"; };
		C7B946D6204907F300AE7E7D /* FacultyViewController.swift */ = {isa = PBXFileReference; lastKnownFileType = sourcecode.swift; path = FacultyViewController.swift; sourceTree = "<group>"; };
		C7B946DA2049480F00AE7E7D /* ClubsViewController.swift */ = {isa = PBXFileReference; lastKnownFileType = sourcecode.swift; path = ClubsViewController.swift; sourceTree = "<group>"; };
		C7B946DE20494F3900AE7E7D /* ClubCollectionViewCell.swift */ = {isa = PBXFileReference; lastKnownFileType = sourcecode.swift; path = ClubCollectionViewCell.swift; sourceTree = "<group>"; };
		C7B946E02049516800AE7E7D /* Club.swift */ = {isa = PBXFileReference; lastKnownFileType = sourcecode.swift; path = Club.swift; sourceTree = "<group>"; };
		C7B946E22049A0A500AE7E7D /* DetailClubViewController.swift */ = {isa = PBXFileReference; lastKnownFileType = sourcecode.swift; path = DetailClubViewController.swift; sourceTree = "<group>"; };
		C7B946E62049BB9000AE7E7D /* GradientImageView.swift */ = {isa = PBXFileReference; lastKnownFileType = sourcecode.swift; path = GradientImageView.swift; sourceTree = "<group>"; };
		C7B946ED2049BDE400AE7E7D /* NewsTableViewController.swift */ = {isa = PBXFileReference; lastKnownFileType = sourcecode.swift; path = NewsTableViewController.swift; sourceTree = "<group>"; };
		C7B946EF2049BDFA00AE7E7D /* NewsTableTableViewCell.swift */ = {isa = PBXFileReference; lastKnownFileType = sourcecode.swift; path = NewsTableTableViewCell.swift; sourceTree = "<group>"; };
		C7B946F12049BE2900AE7E7D /* News.swift */ = {isa = PBXFileReference; lastKnownFileType = sourcecode.swift; path = News.swift; sourceTree = "<group>"; };
		C7B946F32049CBA000AE7E7D /* NewsDetailViewController.swift */ = {isa = PBXFileReference; lastKnownFileType = sourcecode.swift; path = NewsDetailViewController.swift; sourceTree = "<group>"; };
		C7E3F619204AFA730089ADEA /* ContactsViewController.swift */ = {isa = PBXFileReference; lastKnownFileType = sourcecode.swift; path = ContactsViewController.swift; sourceTree = "<group>"; };
		C7E3F61B204C4E390089ADEA /* ItemGalleryViewController.swift */ = {isa = PBXFileReference; lastKnownFileType = sourcecode.swift; path = ItemGalleryViewController.swift; sourceTree = "<group>"; };
		C7E3F61D204C50250089ADEA /* PageViewController.swift */ = {isa = PBXFileReference; lastKnownFileType = sourcecode.swift; path = PageViewController.swift; sourceTree = "<group>"; };
/* End PBXFileReference section */

/* Begin PBXFrameworksBuildPhase section */
		C7B9469B204857A100AE7E7D /* Frameworks */ = {
			isa = PBXFrameworksBuildPhase;
			buildActionMask = 2147483647;
			files = (
			);
			runOnlyForDeploymentPostprocessing = 0;
		};
		C7B946AF204857A100AE7E7D /* Frameworks */ = {
			isa = PBXFrameworksBuildPhase;
			buildActionMask = 2147483647;
			files = (
			);
			runOnlyForDeploymentPostprocessing = 0;
		};
		C7B946BA204857A200AE7E7D /* Frameworks */ = {
			isa = PBXFrameworksBuildPhase;
			buildActionMask = 2147483647;
			files = (
			);
			runOnlyForDeploymentPostprocessing = 0;
		};
/* End PBXFrameworksBuildPhase section */

/* Begin PBXGroup section */
		C7B94695204857A100AE7E7D = {
			isa = PBXGroup;
			children = (
				C7B946A0204857A100AE7E7D /* SDUInfo */,
				C7B946C0204857A200AE7E7D /* SDUInfoUITests */,
				C7B9469F204857A100AE7E7D /* Products */,
			);
			sourceTree = "<group>";
		};
		C7B9469F204857A100AE7E7D /* Products */ = {
			isa = PBXGroup;
			children = (
				C7B9469E204857A100AE7E7D /* SDUInfo.app */,
				C7B946B2204857A100AE7E7D /* SDUInfoTests.xctest */,
				C7B946BD204857A200AE7E7D /* SDUInfoUITests.xctest */,
			);
			name = Products;
			sourceTree = "<group>";
		};
		C7B946A0204857A100AE7E7D /* SDUInfo */ = {
			isa = PBXGroup;
			children = (
				C7B946D2204905B300AE7E7D /* Models */,
				C7B946D12049059B00AE7E7D /* Controllers */,
				C7B946A5204857A100AE7E7D /* Main.storyboard */,
				C7B946AD204857A100AE7E7D /* Info.plist */,
				C7B946D3204905BF00AE7E7D /* Other */,
			);
			path = SDUInfo;
			sourceTree = "<group>";
		};
		C7B946C0204857A200AE7E7D /* SDUInfoUITests */ = {
			isa = PBXGroup;
			children = (
				C7B946C1204857A200AE7E7D /* SDUInfoUITests.swift */,
				C7B946C3204857A200AE7E7D /* Info.plist */,
			);
			path = SDUInfoUITests;
			sourceTree = "<group>";
		};
		C7B946D12049059B00AE7E7D /* Controllers */ = {
			isa = PBXGroup;
			children = (
				C7E3F659204C5BC90089ADEA /* Gallery */,
				C7B946E82049BD0D00AE7E7D /* Main */,
				C7B946EA2049BD3000AE7E7D /* Faculties */,
				C7B946EB2049BD3B00AE7E7D /* Clubs */,
				C7B946EC2049BD6800AE7E7D /* News */,
				C7E3F618204AFA480089ADEA /* Contacts */,
			);
			path = Controllers;
			sourceTree = "<group>";
		};
		C7B946D2204905B300AE7E7D /* Models */ = {
			isa = PBXGroup;
			children = (
				C7B946D4204905F300AE7E7D /* Faculty.swift */,
				C7B946E62049BB9000AE7E7D /* GradientImageView.swift */,
				C7B946E02049516800AE7E7D /* Club.swift */,
				C7B946F12049BE2900AE7E7D /* News.swift */,
			);
			path = Models;
			sourceTree = "<group>";
		};
		C7B946D3204905BF00AE7E7D /* Other */ = {
			isa = PBXGroup;
			children = (
				C7B946AA204857A100AE7E7D /* LaunchScreen.storyboard */,
				C7B946A8204857A100AE7E7D /* Assets.xcassets */,
				C7B946A1204857A100AE7E7D /* AppDelegate.swift */,
			);
			path = Other;
			sourceTree = "<group>";
		};
		C7B946E82049BD0D00AE7E7D /* Main */ = {
			isa = PBXGroup;
			children = (
				C7B946CF204869B200AE7E7D /* ViewController.swift */,
			);
			path = Main;
			sourceTree = "<group>";
		};
		C7B946EA2049BD3000AE7E7D /* Faculties */ = {
			isa = PBXGroup;
			children = (
				C7B946D6204907F300AE7E7D /* FacultyViewController.swift */,
			);
			path = Faculties;
			sourceTree = "<group>";
		};
		C7B946EB2049BD3B00AE7E7D /* Clubs */ = {
			isa = PBXGroup;
			children = (
				C7B946DA2049480F00AE7E7D /* ClubsViewController.swift */,
				C7B946DE20494F3900AE7E7D /* ClubCollectionViewCell.swift */,
				C7B946E22049A0A500AE7E7D /* DetailClubViewController.swift */,
			);
			path = Clubs;
			sourceTree = "<group>";
		};
		C7B946EC2049BD6800AE7E7D /* News */ = {
			isa = PBXGroup;
			children = (
				C7B946ED2049BDE400AE7E7D /* NewsTableViewController.swift */,
				C7B946EF2049BDFA00AE7E7D /* NewsTableTableViewCell.swift */,
				C7B946F32049CBA000AE7E7D /* NewsDetailViewController.swift */,
			);
			path = News;
			sourceTree = "<group>";
		};
		C7E3F618204AFA480089ADEA /* Contacts */ = {
			isa = PBXGroup;
			children = (
				C7E3F619204AFA730089ADEA /* ContactsViewController.swift */,
			);
			path = Contacts;
			sourceTree = "<group>";
		};
		C7E3F659204C5BC90089ADEA /* Gallery */ = {
			isa = PBXGroup;
			children = (
				C7E3F61B204C4E390089ADEA /* ItemGalleryViewController.swift */,
				C7E3F61D204C50250089ADEA /* PageViewController.swift */,
			);
			path = Gallery;
			sourceTree = "<group>";
		};
/* End PBXGroup section */

/* Begin PBXNativeTarget section */
		C7B9469D204857A100AE7E7D /* SDUInfo */ = {
			isa = PBXNativeTarget;
			buildConfigurationList = C7B946C6204857A200AE7E7D /* Build configuration list for PBXNativeTarget "SDUInfo" */;
			buildPhases = (
				C7B9469A204857A100AE7E7D /* Sources */,
				C7B9469B204857A100AE7E7D /* Frameworks */,
				C7B9469C204857A100AE7E7D /* Resources */,
			);
			buildRules = (
			);
			dependencies = (
			);
			name = SDUInfo;
			productName = SDUInfo;
			productReference = C7B9469E204857A100AE7E7D /* SDUInfo.app */;
			productType = "com.apple.product-type.application";
		};
		C7B946B1204857A100AE7E7D /* SDUInfoTests */ = {
			isa = PBXNativeTarget;
			buildConfigurationList = C7B946C9204857A200AE7E7D /* Build configuration list for PBXNativeTarget "SDUInfoTests" */;
			buildPhases = (
				C7B946AE204857A100AE7E7D /* Sources */,
				C7B946AF204857A100AE7E7D /* Frameworks */,
				C7B946B0204857A100AE7E7D /* Resources */,
			);
			buildRules = (
			);
			dependencies = (
				C7B946B4204857A100AE7E7D /* PBXTargetDependency */,
			);
			name = SDUInfoTests;
			productName = SDUInfoTests;
			productReference = C7B946B2204857A100AE7E7D /* SDUInfoTests.xctest */;
			productType = "com.apple.product-type.bundle.unit-test";
		};
		C7B946BC204857A200AE7E7D /* SDUInfoUITests */ = {
			isa = PBXNativeTarget;
			buildConfigurationList = C7B946CC204857A200AE7E7D /* Build configuration list for PBXNativeTarget "SDUInfoUITests" */;
			buildPhases = (
				C7B946B9204857A200AE7E7D /* Sources */,
				C7B946BA204857A200AE7E7D /* Frameworks */,
				C7B946BB204857A200AE7E7D /* Resources */,
			);
			buildRules = (
			);
			dependencies = (
				C7B946BF204857A200AE7E7D /* PBXTargetDependency */,
			);
			name = SDUInfoUITests;
			productName = SDUInfoUITests;
			productReference = C7B946BD204857A200AE7E7D /* SDUInfoUITests.xctest */;
			productType = "com.apple.product-type.bundle.ui-testing";
		};
/* End PBXNativeTarget section */

/* Begin PBXProject section */
		C7B94696204857A100AE7E7D /* Project object */ = {
			isa = PBXProject;
			attributes = {
				LastSwiftUpdateCheck = 0920;
				LastUpgradeCheck = 0920;
				ORGANIZATIONNAME = "a2b DesignLabs";
				TargetAttributes = {
					C7B9469D204857A100AE7E7D = {
						CreatedOnToolsVersion = 9.2;
						ProvisioningStyle = Automatic;
					};
					C7B946B1204857A100AE7E7D = {
						CreatedOnToolsVersion = 9.2;
						ProvisioningStyle = Automatic;
						TestTargetID = C7B9469D204857A100AE7E7D;
					};
					C7B946BC204857A200AE7E7D = {
						CreatedOnToolsVersion = 9.2;
						ProvisioningStyle = Automatic;
						TestTargetID = C7B9469D204857A100AE7E7D;
					};
				};
			};
			buildConfigurationList = C7B94699204857A100AE7E7D /* Build configuration list for PBXProject "SDUInfo" */;
			compatibilityVersion = "Xcode 8.0";
			developmentRegion = en;
			hasScannedForEncodings = 0;
			knownRegions = (
				en,
				Base,
			);
			mainGroup = C7B94695204857A100AE7E7D;
			productRefGroup = C7B9469F204857A100AE7E7D /* Products */;
			projectDirPath = "";
			projectRoot = "";
			targets = (
				C7B9469D204857A100AE7E7D /* SDUInfo */,
				C7B946B1204857A100AE7E7D /* SDUInfoTests */,
				C7B946BC204857A200AE7E7D /* SDUInfoUITests */,
			);
		};
/* End PBXProject section */

/* Begin PBXResourcesBuildPhase section */
		C7B9469C204857A100AE7E7D /* Resources */ = {
			isa = PBXResourcesBuildPhase;
			buildActionMask = 2147483647;
			files = (
				C7B946AC204857A100AE7E7D /* LaunchScreen.storyboard in Resources */,
				C7B946A9204857A100AE7E7D /* Assets.xcassets in Resources */,
				C7B946A7204857A100AE7E7D /* Main.storyboard in Resources */,
			);
			runOnlyForDeploymentPostprocessing = 0;
		};
		C7B946B0204857A100AE7E7D /* Resources */ = {
			isa = PBXResourcesBuildPhase;
			buildActionMask = 2147483647;
			files = (
			);
			runOnlyForDeploymentPostprocessing = 0;
		};
		C7B946BB204857A200AE7E7D /* Resources */ = {
			isa = PBXResourcesBuildPhase;
			buildActionMask = 2147483647;
			files = (
			);
			runOnlyForDeploymentPostprocessing = 0;
		};
/* End PBXResourcesBuildPhase section */

/* Begin PBXSourcesBuildPhase section */
		C7B9469A204857A100AE7E7D /* Sources */ = {
			isa = PBXSourcesBuildPhase;
			buildActionMask = 2147483647;
			files = (
				C7B946DF20494F3900AE7E7D /* ClubCollectionViewCell.swift in Sources */,
				C7E3F61C204C4E390089ADEA /* ItemGalleryViewController.swift in Sources */,
				C7E3F61A204AFA730089ADEA /* ContactsViewController.swift in Sources */,
				C7B946F22049BE2900AE7E7D /* News.swift in Sources */,
				C7B946E32049A0A500AE7E7D /* DetailClubViewController.swift in Sources */,
				C7B946D0204869B200AE7E7D /* ViewController.swift in Sources */,
				C7B946D7204907F300AE7E7D /* FacultyViewController.swift in Sources */,
				C7B946E12049516800AE7E7D /* Club.swift in Sources */,
				C7B946F42049CBA000AE7E7D /* NewsDetailViewController.swift in Sources */,
				C7B946DB2049480F00AE7E7D /* ClubsViewController.swift in Sources */,
				C7B946A2204857A100AE7E7D /* AppDelegate.swift in Sources */,
				C7B946D5204905F300AE7E7D /* Faculty.swift in Sources */,
				C7B946EE2049BDE400AE7E7D /* NewsTableViewController.swift in Sources */,
				C7B946E72049BB9000AE7E7D /* GradientImageView.swift in Sources */,
				C7B946F02049BDFA00AE7E7D /* NewsTableTableViewCell.swift in Sources */,
				C7E3F61E204C50250089ADEA /* PageViewController.swift in Sources */,
			);
			runOnlyForDeploymentPostprocessing = 0;
		};
		C7B946AE204857A100AE7E7D /* Sources */ = {
			isa = PBXSourcesBuildPhase;
			buildActionMask = 2147483647;
			files = (
			);
			runOnlyForDeploymentPostprocessing = 0;
		};
		C7B946B9204857A200AE7E7D /* Sources */ = {
			isa = PBXSourcesBuildPhase;
			buildActionMask = 2147483647;
			files = (
				C7B946C2204857A200AE7E7D /* SDUInfoUITests.swift in Sources */,
			);
			runOnlyForDeploymentPostprocessing = 0;
		};
/* End PBXSourcesBuildPhase section */

/* Begin PBXTargetDependency section */
		C7B946B4204857A100AE7E7D /* PBXTargetDependency */ = {
			isa = PBXTargetDependency;
			target = C7B9469D204857A100AE7E7D /* SDUInfo */;
			targetProxy = C7B946B3204857A100AE7E7D /* PBXContainerItemProxy */;
		};
		C7B946BF204857A200AE7E7D /* PBXTargetDependency */ = {
			isa = PBXTargetDependency;
			target = C7B9469D204857A100AE7E7D /* SDUInfo */;
			targetProxy = C7B946BE204857A200AE7E7D /* PBXContainerItemProxy */;
		};
/* End PBXTargetDependency section */

/* Begin PBXVariantGroup section */
		C7B946A5204857A100AE7E7D /* Main.storyboard */ = {
			isa = PBXVariantGroup;
			children = (
				C7B946A6204857A100AE7E7D /* Base */,
			);
			name = Main.storyboard;
			sourceTree = "<group>";
		};
		C7B946AA204857A100AE7E7D /* LaunchScreen.storyboard */ = {
			isa = PBXVariantGroup;
			children = (
				C7B946AB204857A100AE7E7D /* Base */,
			);
			name = LaunchScreen.storyboard;
			sourceTree = "<group>";
		};
/* End PBXVariantGroup section */

/* Begin XCBuildConfiguration section */
		C7B946C4204857A200AE7E7D /* Debug */ = {
			isa = XCBuildConfiguration;
			buildSettings = {
				ALWAYS_SEARCH_USER_PATHS = NO;
				CLANG_ANALYZER_NONNULL = YES;
				CLANG_ANALYZER_NUMBER_OBJECT_CONVERSION = YES_AGGRESSIVE;
				CLANG_CXX_LANGUAGE_STANDARD = "gnu++14";
				CLANG_CXX_LIBRARY = "libc++";
				CLANG_ENABLE_MODULES = YES;
				CLANG_ENABLE_OBJC_ARC = YES;
				CLANG_WARN_BLOCK_CAPTURE_AUTORELEASING = YES;
				CLANG_WARN_BOOL_CONVERSION = YES;
				CLANG_WARN_COMMA = YES;
				CLANG_WARN_CONSTANT_CONVERSION = YES;
				CLANG_WARN_DIRECT_OBJC_ISA_USAGE = YES_ERROR;
				CLANG_WARN_DOCUMENTATION_COMMENTS = YES;
				CLANG_WARN_EMPTY_BODY = YES;
				CLANG_WARN_ENUM_CONVERSION = YES;
				CLANG_WARN_INFINITE_RECURSION = YES;
				CLANG_WARN_INT_CONVERSION = YES;
				CLANG_WARN_NON_LITERAL_NULL_CONVERSION = YES;
				CLANG_WARN_OBJC_LITERAL_CONVERSION = YES;
				CLANG_WARN_OBJC_ROOT_CLASS = YES_ERROR;
				CLANG_WARN_RANGE_LOOP_ANALYSIS = YES;
				CLANG_WARN_STRICT_PROTOTYPES = YES;
				CLANG_WARN_SUSPICIOUS_MOVE = YES;
				CLANG_WARN_UNGUARDED_AVAILABILITY = YES_AGGRESSIVE;
				CLANG_WARN_UNREACHABLE_CODE = YES;
				CLANG_WARN__DUPLICATE_METHOD_MATCH = YES;
				CODE_SIGN_IDENTITY = "iPhone Developer";
				COPY_PHASE_STRIP = NO;
				DEBUG_INFORMATION_FORMAT = dwarf;
				ENABLE_STRICT_OBJC_MSGSEND = YES;
				ENABLE_TESTABILITY = YES;
				GCC_C_LANGUAGE_STANDARD = gnu11;
				GCC_DYNAMIC_NO_PIC = NO;
				GCC_NO_COMMON_BLOCKS = YES;
				GCC_OPTIMIZATION_LEVEL = 0;
				GCC_PREPROCESSOR_DEFINITIONS = (
					"DEBUG=1",
					"$(inherited)",
				);
				GCC_WARN_64_TO_32_BIT_CONVERSION = YES;
				GCC_WARN_ABOUT_RETURN_TYPE = YES_ERROR;
				GCC_WARN_UNDECLARED_SELECTOR = YES;
				GCC_WARN_UNINITIALIZED_AUTOS = YES_AGGRESSIVE;
				GCC_WARN_UNUSED_FUNCTION = YES;
				GCC_WARN_UNUSED_VARIABLE = YES;
				IPHONEOS_DEPLOYMENT_TARGET = 11.2;
				MTL_ENABLE_DEBUG_INFO = YES;
				ONLY_ACTIVE_ARCH = YES;
				SDKROOT = iphoneos;
				SWIFT_ACTIVE_COMPILATION_CONDITIONS = DEBUG;
				SWIFT_OPTIMIZATION_LEVEL = "-Onone";
			};
			name = Debug;
		};
		C7B946C5204857A200AE7E7D /* Release */ = {
			isa = XCBuildConfiguration;
			buildSettings = {
				ALWAYS_SEARCH_USER_PATHS = NO;
				CLANG_ANALYZER_NONNULL = YES;
				CLANG_ANALYZER_NUMBER_OBJECT_CONVERSION = YES_AGGRESSIVE;
				CLANG_CXX_LANGUAGE_STANDARD = "gnu++14";
				CLANG_CXX_LIBRARY = "libc++";
				CLANG_ENABLE_MODULES = YES;
				CLANG_ENABLE_OBJC_ARC = YES;
				CLANG_WARN_BLOCK_CAPTURE_AUTORELEASING = YES;
				CLANG_WARN_BOOL_CONVERSION = YES;
				CLANG_WARN_COMMA = YES;
				CLANG_WARN_CONSTANT_CONVERSION = YES;
				CLANG_WARN_DIRECT_OBJC_ISA_USAGE = YES_ERROR;
				CLANG_WARN_DOCUMENTATION_COMMENTS = YES;
				CLANG_WARN_EMPTY_BODY = YES;
				CLANG_WARN_ENUM_CONVERSION = YES;
				CLANG_WARN_INFINITE_RECURSION = YES;
				CLANG_WARN_INT_CONVERSION = YES;
				CLANG_WARN_NON_LITERAL_NULL_CONVERSION = YES;
				CLANG_WARN_OBJC_LITERAL_CONVERSION = YES;
				CLANG_WARN_OBJC_ROOT_CLASS = YES_ERROR;
				CLANG_WARN_RANGE_LOOP_ANALYSIS = YES;
				CLANG_WARN_STRICT_PROTOTYPES = YES;
				CLANG_WARN_SUSPICIOUS_MOVE = YES;
				CLANG_WARN_UNGUARDED_AVAILABILITY = YES_AGGRESSIVE;
				CLANG_WARN_UNREACHABLE_CODE = YES;
				CLANG_WARN__DUPLICATE_METHOD_MATCH = YES;
				CODE_SIGN_IDENTITY = "iPhone Developer";
				COPY_PHASE_STRIP = NO;
				DEBUG_INFORMATION_FORMAT = "dwarf-with-dsym";
				ENABLE_NS_ASSERTIONS = NO;
				ENABLE_STRICT_OBJC_MSGSEND = YES;
				GCC_C_LANGUAGE_STANDARD = gnu11;
				GCC_NO_COMMON_BLOCKS = YES;
				GCC_WARN_64_TO_32_BIT_CONVERSION = YES;
				GCC_WARN_ABOUT_RETURN_TYPE = YES_ERROR;
				GCC_WARN_UNDECLARED_SELECTOR = YES;
				GCC_WARN_UNINITIALIZED_AUTOS = YES_AGGRESSIVE;
				GCC_WARN_UNUSED_FUNCTION = YES;
				GCC_WARN_UNUSED_VARIABLE = YES;
				IPHONEOS_DEPLOYMENT_TARGET = 11.2;
				MTL_ENABLE_DEBUG_INFO = NO;
				SDKROOT = iphoneos;
				SWIFT_OPTIMIZATION_LEVEL = "-Owholemodule";
				VALIDATE_PRODUCT = YES;
			};
			name = Release;
		};
		C7B946C7204857A200AE7E7D /* Debug */ = {
			isa = XCBuildConfiguration;
			buildSettings = {
				ASSETCATALOG_COMPILER_APPICON_NAME = AppIcon;
				CODE_SIGN_STYLE = Automatic;
				INFOPLIST_FILE = SDUInfo/Info.plist;
				LD_RUNPATH_SEARCH_PATHS = "$(inherited) @executable_path/Frameworks";
				PRODUCT_BUNDLE_IDENTIFIER = a2b.SDUInfo;
				PRODUCT_NAME = "$(TARGET_NAME)";
				SWIFT_VERSION = 4.0;
				TARGETED_DEVICE_FAMILY = "1,2";
			};
			name = Debug;
		};
		C7B946C8204857A200AE7E7D /* Release */ = {
			isa = XCBuildConfiguration;
			buildSettings = {
				ASSETCATALOG_COMPILER_APPICON_NAME = AppIcon;
				CODE_SIGN_STYLE = Automatic;
				INFOPLIST_FILE = SDUInfo/Info.plist;
				LD_RUNPATH_SEARCH_PATHS = "$(inherited) @executable_path/Frameworks";
				PRODUCT_BUNDLE_IDENTIFIER = a2b.SDUInfo;
				PRODUCT_NAME = "$(TARGET_NAME)";
				SWIFT_VERSION = 4.0;
				TARGETED_DEVICE_FAMILY = "1,2";
			};
			name = Release;
		};
		C7B946CA204857A200AE7E7D /* Debug */ = {
			isa = XCBuildConfiguration;
			buildSettings = {
				ALWAYS_EMBED_SWIFT_STANDARD_LIBRARIES = YES;
				BUNDLE_LOADER = "$(TEST_HOST)";
				CODE_SIGN_STYLE = Automatic;
				INFOPLIST_FILE = SDUInfoTests/Info.plist;
				LD_RUNPATH_SEARCH_PATHS = "$(inherited) @executable_path/Frameworks @loader_path/Frameworks";
				PRODUCT_BUNDLE_IDENTIFIER = a2b.SDUInfoTests;
				PRODUCT_NAME = "$(TARGET_NAME)";
				SWIFT_VERSION = 4.0;
				TARGETED_DEVICE_FAMILY = "1,2";
				TEST_HOST = "$(BUILT_PRODUCTS_DIR)/SDUInfo.app/SDUInfo";
			};
			name = Debug;
		};
		C7B946CB204857A200AE7E7D /* Release */ = {
			isa = XCBuildConfiguration;
			buildSettings = {
				ALWAYS_EMBED_SWIFT_STANDARD_LIBRARIES = YES;
				BUNDLE_LOADER = "$(TEST_HOST)";
				CODE_SIGN_STYLE = Automatic;
				INFOPLIST_FILE = SDUInfoTests/Info.plist;
				LD_RUNPATH_SEARCH_PATHS = "$(inherited) @executable_path/Frameworks @loader_path/Frameworks";
				PRODUCT_BUNDLE_IDENTIFIER = a2b.SDUInfoTests;
				PRODUCT_NAME = "$(TARGET_NAME)";
				SWIFT_VERSION = 4.0;
				TARGETED_DEVICE_FAMILY = "1,2";
				TEST_HOST = "$(BUILT_PRODUCTS_DIR)/SDUInfo.app/SDUInfo";
			};
			name = Release;
		};
		C7B946CD204857A200AE7E7D /* Debug */ = {
			isa = XCBuildConfiguration;
			buildSettings = {
				ALWAYS_EMBED_SWIFT_STANDARD_LIBRARIES = YES;
				CODE_SIGN_STYLE = Automatic;
				INFOPLIST_FILE = SDUInfoUITests/Info.plist;
				LD_RUNPATH_SEARCH_PATHS = "$(inherited) @executable_path/Frameworks @loader_path/Frameworks";
				PRODUCT_BUNDLE_IDENTIFIER = a2b.SDUInfoUITests;
				PRODUCT_NAME = "$(TARGET_NAME)";
				SWIFT_VERSION = 4.0;
				TARGETED_DEVICE_FAMILY = "1,2";
				TEST_TARGET_NAME = SDUInfo;
			};
			name = Debug;
		};
		C7B946CE204857A200AE7E7D /* Release */ = {
			isa = XCBuildConfiguration;
			buildSettings = {
				ALWAYS_EMBED_SWIFT_STANDARD_LIBRARIES = YES;
				CODE_SIGN_STYLE = Automatic;
				INFOPLIST_FILE = SDUInfoUITests/Info.plist;
				LD_RUNPATH_SEARCH_PATHS = "$(inherited) @executable_path/Frameworks @loader_path/Frameworks";
				PRODUCT_BUNDLE_IDENTIFIER = a2b.SDUInfoUITests;
				PRODUCT_NAME = "$(TARGET_NAME)";
				SWIFT_VERSION = 4.0;
				TARGETED_DEVICE_FAMILY = "1,2";
				TEST_TARGET_NAME = SDUInfo;
			};
			name = Release;
		};
/* End XCBuildConfiguration section */

/* Begin XCConfigurationList section */
		C7B94699204857A100AE7E7D /* Build configuration list for PBXProject "SDUInfo" */ = {
			isa = XCConfigurationList;
			buildConfigurations = (
				C7B946C4204857A200AE7E7D /* Debug */,
				C7B946C5204857A200AE7E7D /* Release */,
			);
			defaultConfigurationIsVisible = 0;
			defaultConfigurationName = Release;
		};
		C7B946C6204857A200AE7E7D /* Build configuration list for PBXNativeTarget "SDUInfo" */ = {
			isa = XCConfigurationList;
			buildConfigurations = (
				C7B946C7204857A200AE7E7D /* Debug */,
				C7B946C8204857A200AE7E7D /* Release */,
			);
			defaultConfigurationIsVisible = 0;
			defaultConfigurationName = Release;
		};
		C7B946C9204857A200AE7E7D /* Build configuration list for PBXNativeTarget "SDUInfoTests" */ = {
			isa = XCConfigurationList;
			buildConfigurations = (
				C7B946CA204857A200AE7E7D /* Debug */,
				C7B946CB204857A200AE7E7D /* Release */,
			);
			defaultConfigurationIsVisible = 0;
			defaultConfigurationName = Release;
		};
		C7B946CC204857A200AE7E7D /* Build configuration list for PBXNativeTarget "SDUInfoUITests" */ = {
			isa = XCConfigurationList;
			buildConfigurations = (
				C7B946CD204857A200AE7E7D /* Debug */,
				C7B946CE204857A200AE7E7D /* Release */,
			);
			defaultConfigurationIsVisible = 0;
			defaultConfigurationName = Release;
		};
/* End XCConfigurationList section */
	};
	rootObject = C7B94696204857A100AE7E7D /* Project object */;
}
